// !$*UTF8*$!
{
	archiveVersion = 1;
	classes = {
	};
	objectVersion = 56;
	objects = {

/* Begin PBXBuildFile section */
		032134192A1D7AC4002FD592 /* MainTickersApp.swift in Sources */ = {isa = PBXBuildFile; fileRef = 032134182A1D7AC4002FD592 /* MainTickersApp.swift */; };
		0321341D2A1D7AC4002FD592 /* Assets.xcassets in Resources */ = {isa = PBXBuildFile; fileRef = 0321341C2A1D7AC4002FD592 /* Assets.xcassets */; };
		032134202A1D7AC4002FD592 /* Preview Assets.xcassets in Resources */ = {isa = PBXBuildFile; fileRef = 0321341F2A1D7AC4002FD592 /* Preview Assets.xcassets */; };
		0321342A2A1D7AC5002FD592 /* TickersTests.swift in Sources */ = {isa = PBXBuildFile; fileRef = 032134292A1D7AC5002FD592 /* TickersTests.swift */; };
		032134342A1D7AC5002FD592 /* TickersUITests.swift in Sources */ = {isa = PBXBuildFile; fileRef = 032134332A1D7AC5002FD592 /* TickersUITests.swift */; };
		032134362A1D7AC5002FD592 /* TickersUITestsLaunchTests.swift in Sources */ = {isa = PBXBuildFile; fileRef = 032134352A1D7AC5002FD592 /* TickersUITestsLaunchTests.swift */; };
		640E307D2A281749007C6AC0 /* PomodoroView.swift in Sources */ = {isa = PBXBuildFile; fileRef = 640E307C2A281749007C6AC0 /* PomodoroView.swift */; };
		641C68632A2564D000EAAEE6 /* CellView.swift in Sources */ = {isa = PBXBuildFile; fileRef = 641C68622A2564D000EAAEE6 /* CellView.swift */; };
		642A62AD2A257D41002B83C7 /* MainTabView.swift in Sources */ = {isa = PBXBuildFile; fileRef = 642A62AC2A257D41002B83C7 /* MainTabView.swift */; };
		643BA2F12A200CBC00B8DA69 /* RadioButton.swift in Sources */ = {isa = PBXBuildFile; fileRef = 643BA2F02A200CBC00B8DA69 /* RadioButton.swift */; };
		645E0DE22A1EDE4D00293553 /* TimerView.swift in Sources */ = {isa = PBXBuildFile; fileRef = 645E0DE12A1EDE4D00293553 /* TimerView.swift */; };
		646B6E4D2A201C9B0048402C /* ConfirmBtView.swift in Sources */ = {isa = PBXBuildFile; fileRef = 646B6E4C2A201C9B0048402C /* ConfirmBtView.swift */; };
		64EEA3E82A1ECB0E0007F9CD /* Nunito-Bold.ttf in Resources */ = {isa = PBXBuildFile; fileRef = 64EEA3E72A1ECB0E0007F9CD /* Nunito-Bold.ttf */; };
		64EEA3EA2A1ECB1B0007F9CD /* Nunito-Regular.ttf in Resources */ = {isa = PBXBuildFile; fileRef = 64EEA3E92A1ECB1B0007F9CD /* Nunito-Regular.ttf */; };
		64EEA3EC2A1EDADF0007F9CD /* TickerFont.swift in Sources */ = {isa = PBXBuildFile; fileRef = 64EEA3EB2A1EDADF0007F9CD /* TickerFont.swift */; };
		7D5FD86C2A37B7F800C6AC24 /* PomodoroModel.swift in Sources */ = {isa = PBXBuildFile; fileRef = 7D5FD86B2A37B7F800C6AC24 /* PomodoroModel.swift */; };
		7D77AD2F2A391C21000D356E /* TimerInterval.swift in Sources */ = {isa = PBXBuildFile; fileRef = 7D77AD2E2A391C21000D356E /* TimerInterval.swift */; };
		7D77AD312A392120000D356E /* PomodoroViewModel.swift in Sources */ = {isa = PBXBuildFile; fileRef = 7D77AD302A392120000D356E /* PomodoroViewModel.swift */; };
		CE0CFDD82A2941DE002F167F /* CustomTextField.swift in Sources */ = {isa = PBXBuildFile; fileRef = CE0CFDD72A2941DE002F167F /* CustomTextField.swift */; };
		CE1D2C842A3151AA00B71AF1 /* SoundsSheatView.swift in Sources */ = {isa = PBXBuildFile; fileRef = CE1D2C832A3151AA00B71AF1 /* SoundsSheatView.swift */; };
		CEA49F702A325A60004B4F68 /* RoundedCornerShape.swift in Sources */ = {isa = PBXBuildFile; fileRef = CEA49F6F2A325A60004B4F68 /* RoundedCornerShape.swift */; };
		CEA49F722A325AA9004B4F68 /* View+Ext.swift in Sources */ = {isa = PBXBuildFile; fileRef = CEA49F712A325AA9004B4F68 /* View+Ext.swift */; };
		CEA49F742A326008004B4F68 /* BottomSheet.swift in Sources */ = {isa = PBXBuildFile; fileRef = CEA49F732A326008004B4F68 /* BottomSheet.swift */; };
		CECB7C9C2A215CDC0080D582 /* TimeInterval+Ext.swift in Sources */ = {isa = PBXBuildFile; fileRef = CECB7C9B2A215CDC0080D582 /* TimeInterval+Ext.swift */; };
		DD427F602A3133520040A006 /* CardPetView.swift in Sources */ = {isa = PBXBuildFile; fileRef = DD427F5F2A3133520040A006 /* CardPetView.swift */; };
		DD427F6A2A3136670040A006 /* DefinitionsView.swift in Sources */ = {isa = PBXBuildFile; fileRef = DD427F692A3136670040A006 /* DefinitionsView.swift */; };
		DD427F6C2A3136730040A006 /* HomeView.swift in Sources */ = {isa = PBXBuildFile; fileRef = DD427F6B2A3136730040A006 /* HomeView.swift */; };
		DD427F6E2A3136820040A006 /* MissionsView.swift in Sources */ = {isa = PBXBuildFile; fileRef = DD427F6D2A3136820040A006 /* MissionsView.swift */; };
		DD427F702A31368E0040A006 /* FocusView.swift in Sources */ = {isa = PBXBuildFile; fileRef = DD427F6F2A31368E0040A006 /* FocusView.swift */; };
		DD427F722A3138C70040A006 /* empty.swift in Sources */ = {isa = PBXBuildFile; fileRef = DD427F712A3138C70040A006 /* empty.swift */; };
		DD5E82D92A3155D6005248F8 /* CustomNavBarModifiers.swift in Sources */ = {isa = PBXBuildFile; fileRef = DD5E82D82A3155D6005248F8 /* CustomNavBarModifiers.swift */; };
/* End PBXBuildFile section */

/* Begin PBXContainerItemProxy section */
		032134262A1D7AC5002FD592 /* PBXContainerItemProxy */ = {
			isa = PBXContainerItemProxy;
			containerPortal = 0321340D2A1D7AC4002FD592 /* Project object */;
			proxyType = 1;
			remoteGlobalIDString = 032134142A1D7AC4002FD592;
			remoteInfo = Tickers;
		};
		032134302A1D7AC5002FD592 /* PBXContainerItemProxy */ = {
			isa = PBXContainerItemProxy;
			containerPortal = 0321340D2A1D7AC4002FD592 /* Project object */;
			proxyType = 1;
			remoteGlobalIDString = 032134142A1D7AC4002FD592;
			remoteInfo = Tickers;
		};
/* End PBXContainerItemProxy section */

/* Begin PBXFileReference section */
		032134152A1D7AC4002FD592 /* Tickers.app */ = {isa = PBXFileReference; explicitFileType = wrapper.application; includeInIndex = 0; path = Tickers.app; sourceTree = BUILT_PRODUCTS_DIR; };
		032134182A1D7AC4002FD592 /* MainTickersApp.swift */ = {isa = PBXFileReference; lastKnownFileType = sourcecode.swift; path = MainTickersApp.swift; sourceTree = "<group>"; };
		0321341C2A1D7AC4002FD592 /* Assets.xcassets */ = {isa = PBXFileReference; lastKnownFileType = folder.assetcatalog; path = Assets.xcassets; sourceTree = "<group>"; };
		0321341F2A1D7AC4002FD592 /* Preview Assets.xcassets */ = {isa = PBXFileReference; lastKnownFileType = folder.assetcatalog; path = "Preview Assets.xcassets"; sourceTree = "<group>"; };
		032134252A1D7AC5002FD592 /* TickersTests.xctest */ = {isa = PBXFileReference; explicitFileType = wrapper.cfbundle; includeInIndex = 0; path = TickersTests.xctest; sourceTree = BUILT_PRODUCTS_DIR; };
		032134292A1D7AC5002FD592 /* TickersTests.swift */ = {isa = PBXFileReference; lastKnownFileType = sourcecode.swift; path = TickersTests.swift; sourceTree = "<group>"; };
		0321342F2A1D7AC5002FD592 /* TickersUITests.xctest */ = {isa = PBXFileReference; explicitFileType = wrapper.cfbundle; includeInIndex = 0; path = TickersUITests.xctest; sourceTree = BUILT_PRODUCTS_DIR; };
		032134332A1D7AC5002FD592 /* TickersUITests.swift */ = {isa = PBXFileReference; lastKnownFileType = sourcecode.swift; path = TickersUITests.swift; sourceTree = "<group>"; };
		032134352A1D7AC5002FD592 /* TickersUITestsLaunchTests.swift */ = {isa = PBXFileReference; lastKnownFileType = sourcecode.swift; path = TickersUITestsLaunchTests.swift; sourceTree = "<group>"; };
		640E307C2A281749007C6AC0 /* PomodoroView.swift */ = {isa = PBXFileReference; lastKnownFileType = sourcecode.swift; path = PomodoroView.swift; sourceTree = "<group>"; };
		641C68622A2564D000EAAEE6 /* CellView.swift */ = {isa = PBXFileReference; lastKnownFileType = sourcecode.swift; path = CellView.swift; sourceTree = "<group>"; };
		642A62AC2A257D41002B83C7 /* MainTabView.swift */ = {isa = PBXFileReference; lastKnownFileType = sourcecode.swift; path = MainTabView.swift; sourceTree = "<group>"; };
		643BA2F02A200CBC00B8DA69 /* RadioButton.swift */ = {isa = PBXFileReference; lastKnownFileType = sourcecode.swift; path = RadioButton.swift; sourceTree = "<group>"; };
		645E0DE12A1EDE4D00293553 /* TimerView.swift */ = {isa = PBXFileReference; lastKnownFileType = sourcecode.swift; path = TimerView.swift; sourceTree = "<group>"; };
		646B6E4C2A201C9B0048402C /* ConfirmBtView.swift */ = {isa = PBXFileReference; lastKnownFileType = sourcecode.swift; path = ConfirmBtView.swift; sourceTree = "<group>"; };
		64EEA3E62A1ECAD70007F9CD /* Info.plist */ = {isa = PBXFileReference; lastKnownFileType = text.plist; path = Info.plist; sourceTree = "<group>"; };
		64EEA3E72A1ECB0E0007F9CD /* Nunito-Bold.ttf */ = {isa = PBXFileReference; lastKnownFileType = file; path = "Nunito-Bold.ttf"; sourceTree = "<group>"; };
		64EEA3E92A1ECB1B0007F9CD /* Nunito-Regular.ttf */ = {isa = PBXFileReference; lastKnownFileType = file; path = "Nunito-Regular.ttf"; sourceTree = "<group>"; };
		64EEA3EB2A1EDADF0007F9CD /* TickerFont.swift */ = {isa = PBXFileReference; lastKnownFileType = sourcecode.swift; path = TickerFont.swift; sourceTree = "<group>"; };
		7D5FD86B2A37B7F800C6AC24 /* PomodoroModel.swift */ = {isa = PBXFileReference; lastKnownFileType = sourcecode.swift; path = PomodoroModel.swift; sourceTree = "<group>"; };
		7D77AD2E2A391C21000D356E /* TimerInterval.swift */ = {isa = PBXFileReference; lastKnownFileType = sourcecode.swift; path = TimerInterval.swift; sourceTree = "<group>"; };
		7D77AD302A392120000D356E /* PomodoroViewModel.swift */ = {isa = PBXFileReference; lastKnownFileType = sourcecode.swift; path = PomodoroViewModel.swift; sourceTree = "<group>"; };
		CE0CFDD72A2941DE002F167F /* CustomTextField.swift */ = {isa = PBXFileReference; lastKnownFileType = sourcecode.swift; path = CustomTextField.swift; sourceTree = "<group>"; };
		CE1D2C832A3151AA00B71AF1 /* SoundsSheatView.swift */ = {isa = PBXFileReference; lastKnownFileType = sourcecode.swift; path = SoundsSheatView.swift; sourceTree = "<group>"; };
		CEA49F6F2A325A60004B4F68 /* RoundedCornerShape.swift */ = {isa = PBXFileReference; lastKnownFileType = sourcecode.swift; path = RoundedCornerShape.swift; sourceTree = "<group>"; };
		CEA49F712A325AA9004B4F68 /* View+Ext.swift */ = {isa = PBXFileReference; lastKnownFileType = sourcecode.swift; path = "View+Ext.swift"; sourceTree = "<group>"; };
		CEA49F732A326008004B4F68 /* BottomSheet.swift */ = {isa = PBXFileReference; lastKnownFileType = sourcecode.swift; path = BottomSheet.swift; sourceTree = "<group>"; };
		CECB7C9B2A215CDC0080D582 /* TimeInterval+Ext.swift */ = {isa = PBXFileReference; lastKnownFileType = sourcecode.swift; path = "TimeInterval+Ext.swift"; sourceTree = "<group>"; };
		DD427F5F2A3133520040A006 /* CardPetView.swift */ = {isa = PBXFileReference; lastKnownFileType = sourcecode.swift; path = CardPetView.swift; sourceTree = "<group>"; };
		DD427F692A3136670040A006 /* DefinitionsView.swift */ = {isa = PBXFileReference; lastKnownFileType = sourcecode.swift; path = DefinitionsView.swift; sourceTree = "<group>"; };
		DD427F6B2A3136730040A006 /* HomeView.swift */ = {isa = PBXFileReference; lastKnownFileType = sourcecode.swift; path = HomeView.swift; sourceTree = "<group>"; };
		DD427F6D2A3136820040A006 /* MissionsView.swift */ = {isa = PBXFileReference; lastKnownFileType = sourcecode.swift; path = MissionsView.swift; sourceTree = "<group>"; };
		DD427F6F2A31368E0040A006 /* FocusView.swift */ = {isa = PBXFileReference; lastKnownFileType = sourcecode.swift; path = FocusView.swift; sourceTree = "<group>"; };
		DD427F712A3138C70040A006 /* empty.swift */ = {isa = PBXFileReference; lastKnownFileType = sourcecode.swift; path = empty.swift; sourceTree = "<group>"; };
		DD5E82D82A3155D6005248F8 /* CustomNavBarModifiers.swift */ = {isa = PBXFileReference; lastKnownFileType = sourcecode.swift; path = CustomNavBarModifiers.swift; sourceTree = "<group>"; };
/* End PBXFileReference section */

/* Begin PBXFrameworksBuildPhase section */
		032134122A1D7AC4002FD592 /* Frameworks */ = {
			isa = PBXFrameworksBuildPhase;
			buildActionMask = 2147483647;
			files = (
			);
			runOnlyForDeploymentPostprocessing = 0;
		};
		032134222A1D7AC5002FD592 /* Frameworks */ = {
			isa = PBXFrameworksBuildPhase;
			buildActionMask = 2147483647;
			files = (
			);
			runOnlyForDeploymentPostprocessing = 0;
		};
		0321342C2A1D7AC5002FD592 /* Frameworks */ = {
			isa = PBXFrameworksBuildPhase;
			buildActionMask = 2147483647;
			files = (
			);
			runOnlyForDeploymentPostprocessing = 0;
		};
/* End PBXFrameworksBuildPhase section */

/* Begin PBXGroup section */
		0321340C2A1D7AC4002FD592 = {
			isa = PBXGroup;
			children = (
				032134172A1D7AC4002FD592 /* Tickers */,
				032134282A1D7AC5002FD592 /* TickersTests */,
				032134322A1D7AC5002FD592 /* TickersUITests */,
				032134162A1D7AC4002FD592 /* Products */,
			);
			sourceTree = "<group>";
		};
		032134162A1D7AC4002FD592 /* Products */ = {
			isa = PBXGroup;
			children = (
				032134152A1D7AC4002FD592 /* Tickers.app */,
				032134252A1D7AC5002FD592 /* TickersTests.xctest */,
				0321342F2A1D7AC5002FD592 /* TickersUITests.xctest */,
			);
			name = Products;
			sourceTree = "<group>";
		};
		032134172A1D7AC4002FD592 /* Tickers */ = {
			isa = PBXGroup;
			children = (
				DD427F4D2A300A210040A006 /* Scenes */,
				DD427F4A2A300A0B0040A006 /* Models */,
				DD427F492A3008F80040A006 /* UIComponents */,
				64EEA3E02A1EC93D0007F9CD /* Assets */,
				032134182A1D7AC4002FD592 /* MainTickersApp.swift */,
				642A62AC2A257D41002B83C7 /* MainTabView.swift */,
				0321341C2A1D7AC4002FD592 /* Assets.xcassets */,
				64EEA3E62A1ECAD70007F9CD /* Info.plist */,
				0321341E2A1D7AC4002FD592 /* Preview Content */,
			);
			path = Tickers;
			sourceTree = "<group>";
		};
		0321341E2A1D7AC4002FD592 /* Preview Content */ = {
			isa = PBXGroup;
			children = (
				0321341F2A1D7AC4002FD592 /* Preview Assets.xcassets */,
			);
			path = "Preview Content";
			sourceTree = "<group>";
		};
		032134282A1D7AC5002FD592 /* TickersTests */ = {
			isa = PBXGroup;
			children = (
				032134292A1D7AC5002FD592 /* TickersTests.swift */,
			);
			path = TickersTests;
			sourceTree = "<group>";
		};
		032134322A1D7AC5002FD592 /* TickersUITests */ = {
			isa = PBXGroup;
			children = (
				032134332A1D7AC5002FD592 /* TickersUITests.swift */,
				032134352A1D7AC5002FD592 /* TickersUITestsLaunchTests.swift */,
			);
			path = TickersUITests;
			sourceTree = "<group>";
		};
		645E0DE62A1EDE7900293553 /* Timer */ = {
			isa = PBXGroup;
			children = (
				645E0DE12A1EDE4D00293553 /* TimerView.swift */,
				640E307C2A281749007C6AC0 /* PomodoroView.swift */,
				7D5FD86B2A37B7F800C6AC24 /* PomodoroModel.swift */,
				7D77AD2E2A391C21000D356E /* TimerInterval.swift */,
				7D77AD302A392120000D356E /* PomodoroViewModel.swift */,
			);
			path = Timer;
			sourceTree = "<group>";
		};
		64EEA3E02A1EC93D0007F9CD /* Assets */ = {
			isa = PBXGroup;
			children = (
				64EEA3E12A1EC9560007F9CD /* Fonts */,
			);
			path = Assets;
			sourceTree = "<group>";
		};
		64EEA3E12A1EC9560007F9CD /* Fonts */ = {
			isa = PBXGroup;
			children = (
				64EEA3EB2A1EDADF0007F9CD /* TickerFont.swift */,
				64EEA3E92A1ECB1B0007F9CD /* Nunito-Regular.ttf */,
				64EEA3E72A1ECB0E0007F9CD /* Nunito-Bold.ttf */,
			);
			path = Fonts;
			sourceTree = "<group>";
		};
		CE6A1A742A3140F100D52FF4 /* SoundsView */ = {
			isa = PBXGroup;
			children = (
				CE1D2C832A3151AA00B71AF1 /* SoundsSheatView.swift */,
				CEA49F732A326008004B4F68 /* BottomSheet.swift */,
				CEA49F6F2A325A60004B4F68 /* RoundedCornerShape.swift */,
				CEA49F712A325AA9004B4F68 /* View+Ext.swift */,
			);
			path = SoundsView;
			sourceTree = "<group>";
		};
		DD427F492A3008F80040A006 /* UIComponents */ = {
			isa = PBXGroup;
			children = (
				DDB3CA642A314F9E0085AADA /* CustomNavBar */,
				CE6A1A742A3140F100D52FF4 /* SoundsView */,
				DD427F542A3130B70040A006 /* CardPetView */,
				DD427F502A3130500040A006 /* MissionCellView */,
				DD427F512A31305E0040A006 /* ConfirmBtnView */,
				DD427F522A31306E0040A006 /* RadioButton */,
				DD427F532A31307E0040A006 /* CustomTextField */,
			);
			path = UIComponents;
			sourceTree = "<group>";
		};
		DD427F4A2A300A0B0040A006 /* Models */ = {
			isa = PBXGroup;
			children = (
				DD427F712A3138C70040A006 /* empty.swift */,
			);
			path = Models;
			sourceTree = "<group>";
		};
		DD427F4D2A300A210040A006 /* Scenes */ = {
			isa = PBXGroup;
			children = (
				DD427F642A3134D60040A006 /* Definitions */,
				DD427F632A3133FC0040A006 /* Home */,
				DD427F622A3133BA0040A006 /* MissionsScreen */,
				DD427F612A3133700040A006 /* FocusScreen */,
				645E0DE62A1EDE7900293553 /* Timer */,
			);
			path = Scenes;
			sourceTree = "<group>";
		};
		DD427F502A3130500040A006 /* MissionCellView */ = {
			isa = PBXGroup;
			children = (
				641C68622A2564D000EAAEE6 /* CellView.swift */,
			);
			path = MissionCellView;
			sourceTree = "<group>";
		};
		DD427F512A31305E0040A006 /* ConfirmBtnView */ = {
			isa = PBXGroup;
			children = (
				646B6E4C2A201C9B0048402C /* ConfirmBtView.swift */,
			);
			path = ConfirmBtnView;
			sourceTree = "<group>";
		};
		DD427F522A31306E0040A006 /* RadioButton */ = {
			isa = PBXGroup;
			children = (
				643BA2F02A200CBC00B8DA69 /* RadioButton.swift */,
			);
			path = RadioButton;
			sourceTree = "<group>";
		};
		DD427F532A31307E0040A006 /* CustomTextField */ = {
			isa = PBXGroup;
			children = (
				CE0CFDD72A2941DE002F167F /* CustomTextField.swift */,
			);
			path = CustomTextField;
			sourceTree = "<group>";
		};
		DD427F542A3130B70040A006 /* CardPetView */ = {
			isa = PBXGroup;
			children = (
				DD427F5F2A3133520040A006 /* CardPetView.swift */,
			);
			path = CardPetView;
			sourceTree = "<group>";
		};
		DD427F612A3133700040A006 /* FocusScreen */ = {
			isa = PBXGroup;
			children = (
				DD427F6F2A31368E0040A006 /* FocusView.swift */,
			);
			path = FocusScreen;
			sourceTree = "<group>";
		};
		DD427F622A3133BA0040A006 /* MissionsScreen */ = {
			isa = PBXGroup;
			children = (
				DD427F6D2A3136820040A006 /* MissionsView.swift */,
			);
			path = MissionsScreen;
			sourceTree = "<group>";
		};
		DD427F632A3133FC0040A006 /* Home */ = {
			isa = PBXGroup;
			children = (
				DD427F6B2A3136730040A006 /* HomeView.swift */,
			);
			path = Home;
			sourceTree = "<group>";
		};
		DD427F642A3134D60040A006 /* Definitions */ = {
			isa = PBXGroup;
			children = (
				DD427F692A3136670040A006 /* DefinitionsView.swift */,
			);
			path = Definitions;
			sourceTree = "<group>";
		};
		DDB3CA642A314F9E0085AADA /* CustomNavBar */ = {
			isa = PBXGroup;
			children = (
				DD5E82D82A3155D6005248F8 /* CustomNavBarModifiers.swift */,
			);
			path = CustomNavBar;
			sourceTree = "<group>";
		};
/* End PBXGroup section */

/* Begin PBXNativeTarget section */
		032134142A1D7AC4002FD592 /* Tickers */ = {
			isa = PBXNativeTarget;
			buildConfigurationList = 032134392A1D7AC5002FD592 /* Build configuration list for PBXNativeTarget "Tickers" */;
			buildPhases = (
				032134112A1D7AC4002FD592 /* Sources */,
				032134122A1D7AC4002FD592 /* Frameworks */,
				032134132A1D7AC4002FD592 /* Resources */,
			);
			buildRules = (
			);
			dependencies = (
			);
			name = Tickers;
			productName = Tickers;
			productReference = 032134152A1D7AC4002FD592 /* Tickers.app */;
			productType = "com.apple.product-type.application";
		};
		032134242A1D7AC5002FD592 /* TickersTests */ = {
			isa = PBXNativeTarget;
			buildConfigurationList = 0321343C2A1D7AC5002FD592 /* Build configuration list for PBXNativeTarget "TickersTests" */;
			buildPhases = (
				032134212A1D7AC5002FD592 /* Sources */,
				032134222A1D7AC5002FD592 /* Frameworks */,
				032134232A1D7AC5002FD592 /* Resources */,
			);
			buildRules = (
			);
			dependencies = (
				032134272A1D7AC5002FD592 /* PBXTargetDependency */,
			);
			name = TickersTests;
			productName = TickersTests;
			productReference = 032134252A1D7AC5002FD592 /* TickersTests.xctest */;
			productType = "com.apple.product-type.bundle.unit-test";
		};
		0321342E2A1D7AC5002FD592 /* TickersUITests */ = {
			isa = PBXNativeTarget;
			buildConfigurationList = 0321343F2A1D7AC5002FD592 /* Build configuration list for PBXNativeTarget "TickersUITests" */;
			buildPhases = (
				0321342B2A1D7AC5002FD592 /* Sources */,
				0321342C2A1D7AC5002FD592 /* Frameworks */,
				0321342D2A1D7AC5002FD592 /* Resources */,
			);
			buildRules = (
			);
			dependencies = (
				032134312A1D7AC5002FD592 /* PBXTargetDependency */,
			);
			name = TickersUITests;
			productName = TickersUITests;
			productReference = 0321342F2A1D7AC5002FD592 /* TickersUITests.xctest */;
			productType = "com.apple.product-type.bundle.ui-testing";
		};
/* End PBXNativeTarget section */

/* Begin PBXProject section */
		0321340D2A1D7AC4002FD592 /* Project object */ = {
			isa = PBXProject;
			attributes = {
				BuildIndependentTargetsInParallel = 1;
				LastSwiftUpdateCheck = 1430;
				LastUpgradeCheck = 1430;
				TargetAttributes = {
					032134142A1D7AC4002FD592 = {
						CreatedOnToolsVersion = 14.3;
					};
					032134242A1D7AC5002FD592 = {
						CreatedOnToolsVersion = 14.3;
						TestTargetID = 032134142A1D7AC4002FD592;
					};
					0321342E2A1D7AC5002FD592 = {
						CreatedOnToolsVersion = 14.3;
						TestTargetID = 032134142A1D7AC4002FD592;
					};
				};
			};
			buildConfigurationList = 032134102A1D7AC4002FD592 /* Build configuration list for PBXProject "Tickers" */;
			compatibilityVersion = "Xcode 14.0";
			developmentRegion = en;
			hasScannedForEncodings = 0;
			knownRegions = (
				en,
				Base,
			);
			mainGroup = 0321340C2A1D7AC4002FD592;
			productRefGroup = 032134162A1D7AC4002FD592 /* Products */;
			projectDirPath = "";
			projectRoot = "";
			targets = (
				032134142A1D7AC4002FD592 /* Tickers */,
				032134242A1D7AC5002FD592 /* TickersTests */,
				0321342E2A1D7AC5002FD592 /* TickersUITests */,
			);
		};
/* End PBXProject section */

/* Begin PBXResourcesBuildPhase section */
		032134132A1D7AC4002FD592 /* Resources */ = {
			isa = PBXResourcesBuildPhase;
			buildActionMask = 2147483647;
			files = (
				64EEA3EA2A1ECB1B0007F9CD /* Nunito-Regular.ttf in Resources */,
				032134202A1D7AC4002FD592 /* Preview Assets.xcassets in Resources */,
				64EEA3E82A1ECB0E0007F9CD /* Nunito-Bold.ttf in Resources */,
				0321341D2A1D7AC4002FD592 /* Assets.xcassets in Resources */,
			);
			runOnlyForDeploymentPostprocessing = 0;
		};
		032134232A1D7AC5002FD592 /* Resources */ = {
			isa = PBXResourcesBuildPhase;
			buildActionMask = 2147483647;
			files = (
			);
			runOnlyForDeploymentPostprocessing = 0;
		};
		0321342D2A1D7AC5002FD592 /* Resources */ = {
			isa = PBXResourcesBuildPhase;
			buildActionMask = 2147483647;
			files = (
			);
			runOnlyForDeploymentPostprocessing = 0;
		};
/* End PBXResourcesBuildPhase section */

/* Begin PBXSourcesBuildPhase section */
		032134112A1D7AC4002FD592 /* Sources */ = {
			isa = PBXSourcesBuildPhase;
			buildActionMask = 2147483647;
			files = (
				DD427F602A3133520040A006 /* CardPetView.swift in Sources */,
				DD5E82D92A3155D6005248F8 /* CustomNavBarModifiers.swift in Sources */,
				DD427F702A31368E0040A006 /* FocusView.swift in Sources */,
				CEA49F722A325AA9004B4F68 /* View+Ext.swift in Sources */,
				641C68632A2564D000EAAEE6 /* CellView.swift in Sources */,
				7D77AD312A392120000D356E /* PomodoroViewModel.swift in Sources */,
				CEA49F702A325A60004B4F68 /* RoundedCornerShape.swift in Sources */,
				DD427F6E2A3136820040A006 /* MissionsView.swift in Sources */,
				643BA2F12A200CBC00B8DA69 /* RadioButton.swift in Sources */,
				DD427F6A2A3136670040A006 /* DefinitionsView.swift in Sources */,
				645E0DE22A1EDE4D00293553 /* TimerView.swift in Sources */,
				643BA2F12A200CBC00B8DA69 /* RadioButton.swift in Sources */,
				645E0DE22A1EDE4D00293553 /* TimerView.swift in Sources */,
				642A62AD2A257D41002B83C7 /* MainTabView.swift in Sources */,
				032134192A1D7AC4002FD592 /* MainTickersApp.swift in Sources */,
				7D5FD86C2A37B7F800C6AC24 /* PomodoroModel.swift in Sources */,
				CE0CFDD82A2941DE002F167F /* CustomTextField.swift in Sources */,
				642A62AD2A257D41002B83C7 /* MainTabView.swift in Sources */,
				032134192A1D7AC4002FD592 /* MainTickersApp.swift in Sources */,
				CEA49F742A326008004B4F68 /* BottomSheet.swift in Sources */,
				DD427F722A3138C70040A006 /* empty.swift in Sources */,
				CE1D2C842A3151AA00B71AF1 /* SoundsSheatView.swift in Sources */,
				DD427F6C2A3136730040A006 /* HomeView.swift in Sources */,
				646B6E4D2A201C9B0048402C /* ConfirmBtView.swift in Sources */,
				64EEA3EC2A1EDADF0007F9CD /* TickerFont.swift in Sources */,
				640E307D2A281749007C6AC0 /* PomodoroView.swift in Sources */,
				7D77AD2F2A391C21000D356E /* TimerInterval.swift in Sources */,
			);
			runOnlyForDeploymentPostprocessing = 0;
		};
		032134212A1D7AC5002FD592 /* Sources */ = {
			isa = PBXSourcesBuildPhase;
			buildActionMask = 2147483647;
			files = (
				0321342A2A1D7AC5002FD592 /* TickersTests.swift in Sources */,
			);
			runOnlyForDeploymentPostprocessing = 0;
		};
		0321342B2A1D7AC5002FD592 /* Sources */ = {
			isa = PBXSourcesBuildPhase;
			buildActionMask = 2147483647;
			files = (
				032134362A1D7AC5002FD592 /* TickersUITestsLaunchTests.swift in Sources */,
				032134342A1D7AC5002FD592 /* TickersUITests.swift in Sources */,
			);
			runOnlyForDeploymentPostprocessing = 0;
		};
/* End PBXSourcesBuildPhase section */

/* Begin PBXTargetDependency section */
		032134272A1D7AC5002FD592 /* PBXTargetDependency */ = {
			isa = PBXTargetDependency;
			target = 032134142A1D7AC4002FD592 /* Tickers */;
			targetProxy = 032134262A1D7AC5002FD592 /* PBXContainerItemProxy */;
		};
		032134312A1D7AC5002FD592 /* PBXTargetDependency */ = {
			isa = PBXTargetDependency;
			target = 032134142A1D7AC4002FD592 /* Tickers */;
			targetProxy = 032134302A1D7AC5002FD592 /* PBXContainerItemProxy */;
		};
/* End PBXTargetDependency section */

/* Begin XCBuildConfiguration section */
		032134372A1D7AC5002FD592 /* Debug */ = {
			isa = XCBuildConfiguration;
			buildSettings = {
				ALWAYS_SEARCH_USER_PATHS = NO;
				CLANG_ANALYZER_NONNULL = YES;
				CLANG_ANALYZER_NUMBER_OBJECT_CONVERSION = YES_AGGRESSIVE;
				CLANG_CXX_LANGUAGE_STANDARD = "gnu++20";
				CLANG_ENABLE_MODULES = YES;
				CLANG_ENABLE_OBJC_ARC = YES;
				CLANG_ENABLE_OBJC_WEAK = YES;
				CLANG_WARN_BLOCK_CAPTURE_AUTORELEASING = YES;
				CLANG_WARN_BOOL_CONVERSION = YES;
				CLANG_WARN_COMMA = YES;
				CLANG_WARN_CONSTANT_CONVERSION = YES;
				CLANG_WARN_DEPRECATED_OBJC_IMPLEMENTATIONS = YES;
				CLANG_WARN_DIRECT_OBJC_ISA_USAGE = YES_ERROR;
				CLANG_WARN_DOCUMENTATION_COMMENTS = YES;
				CLANG_WARN_EMPTY_BODY = YES;
				CLANG_WARN_ENUM_CONVERSION = YES;
				CLANG_WARN_INFINITE_RECURSION = YES;
				CLANG_WARN_INT_CONVERSION = YES;
				CLANG_WARN_NON_LITERAL_NULL_CONVERSION = YES;
				CLANG_WARN_OBJC_IMPLICIT_RETAIN_SELF = YES;
				CLANG_WARN_OBJC_LITERAL_CONVERSION = YES;
				CLANG_WARN_OBJC_ROOT_CLASS = YES_ERROR;
				CLANG_WARN_QUOTED_INCLUDE_IN_FRAMEWORK_HEADER = YES;
				CLANG_WARN_RANGE_LOOP_ANALYSIS = YES;
				CLANG_WARN_STRICT_PROTOTYPES = YES;
				CLANG_WARN_SUSPICIOUS_MOVE = YES;
				CLANG_WARN_UNGUARDED_AVAILABILITY = YES_AGGRESSIVE;
				CLANG_WARN_UNREACHABLE_CODE = YES;
				CLANG_WARN__DUPLICATE_METHOD_MATCH = YES;
				COPY_PHASE_STRIP = NO;
				DEBUG_INFORMATION_FORMAT = dwarf;
				ENABLE_STRICT_OBJC_MSGSEND = YES;
				ENABLE_TESTABILITY = YES;
				GCC_C_LANGUAGE_STANDARD = gnu11;
				GCC_DYNAMIC_NO_PIC = NO;
				GCC_NO_COMMON_BLOCKS = YES;
				GCC_OPTIMIZATION_LEVEL = 0;
				GCC_PREPROCESSOR_DEFINITIONS = (
					"DEBUG=1",
					"$(inherited)",
				);
				GCC_WARN_64_TO_32_BIT_CONVERSION = YES;
				GCC_WARN_ABOUT_RETURN_TYPE = YES_ERROR;
				GCC_WARN_UNDECLARED_SELECTOR = YES;
				GCC_WARN_UNINITIALIZED_AUTOS = YES_AGGRESSIVE;
				GCC_WARN_UNUSED_FUNCTION = YES;
				GCC_WARN_UNUSED_VARIABLE = YES;
				IPHONEOS_DEPLOYMENT_TARGET = 15.0;
				MTL_ENABLE_DEBUG_INFO = INCLUDE_SOURCE;
				MTL_FAST_MATH = YES;
				ONLY_ACTIVE_ARCH = YES;
				SDKROOT = iphoneos;
				SWIFT_ACTIVE_COMPILATION_CONDITIONS = DEBUG;
				SWIFT_OPTIMIZATION_LEVEL = "-Onone";
			};
			name = Debug;
		};
		032134382A1D7AC5002FD592 /* Release */ = {
			isa = XCBuildConfiguration;
			buildSettings = {
				ALWAYS_SEARCH_USER_PATHS = NO;
				CLANG_ANALYZER_NONNULL = YES;
				CLANG_ANALYZER_NUMBER_OBJECT_CONVERSION = YES_AGGRESSIVE;
				CLANG_CXX_LANGUAGE_STANDARD = "gnu++20";
				CLANG_ENABLE_MODULES = YES;
				CLANG_ENABLE_OBJC_ARC = YES;
				CLANG_ENABLE_OBJC_WEAK = YES;
				CLANG_WARN_BLOCK_CAPTURE_AUTORELEASING = YES;
				CLANG_WARN_BOOL_CONVERSION = YES;
				CLANG_WARN_COMMA = YES;
				CLANG_WARN_CONSTANT_CONVERSION = YES;
				CLANG_WARN_DEPRECATED_OBJC_IMPLEMENTATIONS = YES;
				CLANG_WARN_DIRECT_OBJC_ISA_USAGE = YES_ERROR;
				CLANG_WARN_DOCUMENTATION_COMMENTS = YES;
				CLANG_WARN_EMPTY_BODY = YES;
				CLANG_WARN_ENUM_CONVERSION = YES;
				CLANG_WARN_INFINITE_RECURSION = YES;
				CLANG_WARN_INT_CONVERSION = YES;
				CLANG_WARN_NON_LITERAL_NULL_CONVERSION = YES;
				CLANG_WARN_OBJC_IMPLICIT_RETAIN_SELF = YES;
				CLANG_WARN_OBJC_LITERAL_CONVERSION = YES;
				CLANG_WARN_OBJC_ROOT_CLASS = YES_ERROR;
				CLANG_WARN_QUOTED_INCLUDE_IN_FRAMEWORK_HEADER = YES;
				CLANG_WARN_RANGE_LOOP_ANALYSIS = YES;
				CLANG_WARN_STRICT_PROTOTYPES = YES;
				CLANG_WARN_SUSPICIOUS_MOVE = YES;
				CLANG_WARN_UNGUARDED_AVAILABILITY = YES_AGGRESSIVE;
				CLANG_WARN_UNREACHABLE_CODE = YES;
				CLANG_WARN__DUPLICATE_METHOD_MATCH = YES;
				COPY_PHASE_STRIP = NO;
				DEBUG_INFORMATION_FORMAT = "dwarf-with-dsym";
				ENABLE_NS_ASSERTIONS = NO;
				ENABLE_STRICT_OBJC_MSGSEND = YES;
				GCC_C_LANGUAGE_STANDARD = gnu11;
				GCC_NO_COMMON_BLOCKS = YES;
				GCC_WARN_64_TO_32_BIT_CONVERSION = YES;
				GCC_WARN_ABOUT_RETURN_TYPE = YES_ERROR;
				GCC_WARN_UNDECLARED_SELECTOR = YES;
				GCC_WARN_UNINITIALIZED_AUTOS = YES_AGGRESSIVE;
				GCC_WARN_UNUSED_FUNCTION = YES;
				GCC_WARN_UNUSED_VARIABLE = YES;
				IPHONEOS_DEPLOYMENT_TARGET = 15.0;
				MTL_ENABLE_DEBUG_INFO = NO;
				MTL_FAST_MATH = YES;
				SDKROOT = iphoneos;
				SWIFT_COMPILATION_MODE = wholemodule;
				SWIFT_OPTIMIZATION_LEVEL = "-O";
				VALIDATE_PRODUCT = YES;
			};
			name = Release;
		};
		0321343A2A1D7AC5002FD592 /* Debug */ = {
			isa = XCBuildConfiguration;
			buildSettings = {
				ASSETCATALOG_COMPILER_APPICON_NAME = AppIcon;
				ASSETCATALOG_COMPILER_GLOBAL_ACCENT_COLOR_NAME = AccentColor;
				CODE_SIGN_STYLE = Automatic;
				CURRENT_PROJECT_VERSION = 1;
				DEVELOPMENT_ASSET_PATHS = "\"Tickers/Preview Content\"";
				DEVELOPMENT_TEAM = "";
				ENABLE_PREVIEWS = YES;
				GENERATE_INFOPLIST_FILE = YES;
				INFOPLIST_FILE = Tickers/Info.plist;
				INFOPLIST_KEY_UIApplicationSceneManifest_Generation = YES;
				INFOPLIST_KEY_UIApplicationSupportsIndirectInputEvents = YES;
				INFOPLIST_KEY_UILaunchScreen_Generation = YES;
				INFOPLIST_KEY_UISupportedInterfaceOrientations_iPad = "UIInterfaceOrientationPortrait UIInterfaceOrientationPortraitUpsideDown UIInterfaceOrientationLandscapeLeft UIInterfaceOrientationLandscapeRight";
				INFOPLIST_KEY_UISupportedInterfaceOrientations_iPhone = "UIInterfaceOrientationPortrait UIInterfaceOrientationLandscapeLeft UIInterfaceOrientationLandscapeRight";
				IPHONEOS_DEPLOYMENT_TARGET = 15.0;
				LD_RUNPATH_SEARCH_PATHS = (
					"$(inherited)",
					"@executable_path/Frameworks",
				);
				MARKETING_VERSION = 1.0;
				PRODUCT_BUNDLE_IDENTIFIER = lucasOliveira.Tickers;
				PRODUCT_NAME = "$(TARGET_NAME)";
				SWIFT_EMIT_LOC_STRINGS = YES;
				SWIFT_VERSION = 5.0;
				TARGETED_DEVICE_FAMILY = "1,2";
			};
			name = Debug;
		};
		0321343B2A1D7AC5002FD592 /* Release */ = {
			isa = XCBuildConfiguration;
			buildSettings = {
				ASSETCATALOG_COMPILER_APPICON_NAME = AppIcon;
				ASSETCATALOG_COMPILER_GLOBAL_ACCENT_COLOR_NAME = AccentColor;
				CODE_SIGN_STYLE = Automatic;
				CURRENT_PROJECT_VERSION = 1;
				DEVELOPMENT_ASSET_PATHS = "\"Tickers/Preview Content\"";
				DEVELOPMENT_TEAM = "";
				ENABLE_PREVIEWS = YES;
				GENERATE_INFOPLIST_FILE = YES;
				INFOPLIST_FILE = Tickers/Info.plist;
				INFOPLIST_KEY_UIApplicationSceneManifest_Generation = YES;
				INFOPLIST_KEY_UIApplicationSupportsIndirectInputEvents = YES;
				INFOPLIST_KEY_UILaunchScreen_Generation = YES;
				INFOPLIST_KEY_UISupportedInterfaceOrientations_iPad = "UIInterfaceOrientationPortrait UIInterfaceOrientationPortraitUpsideDown UIInterfaceOrientationLandscapeLeft UIInterfaceOrientationLandscapeRight";
				INFOPLIST_KEY_UISupportedInterfaceOrientations_iPhone = "UIInterfaceOrientationPortrait UIInterfaceOrientationLandscapeLeft UIInterfaceOrientationLandscapeRight";
				IPHONEOS_DEPLOYMENT_TARGET = 15.0;
				LD_RUNPATH_SEARCH_PATHS = (
					"$(inherited)",
					"@executable_path/Frameworks",
				);
				MARKETING_VERSION = 1.0;
				PRODUCT_BUNDLE_IDENTIFIER = lucasOliveira.Tickers;
				PRODUCT_NAME = "$(TARGET_NAME)";
				SWIFT_EMIT_LOC_STRINGS = YES;
				SWIFT_VERSION = 5.0;
				TARGETED_DEVICE_FAMILY = "1,2";
			};
			name = Release;
		};
		0321343D2A1D7AC5002FD592 /* Debug */ = {
			isa = XCBuildConfiguration;
			buildSettings = {
				ALWAYS_EMBED_SWIFT_STANDARD_LIBRARIES = YES;
				BUNDLE_LOADER = "$(TEST_HOST)";
				CODE_SIGN_STYLE = Automatic;
				CURRENT_PROJECT_VERSION = 1;
				DEVELOPMENT_TEAM = "";
				GENERATE_INFOPLIST_FILE = YES;
				IPHONEOS_DEPLOYMENT_TARGET = 15.0;
				MARKETING_VERSION = 1.0;
				PRODUCT_BUNDLE_IDENTIFIER = lucasOliveira.TickersTests;
				PRODUCT_NAME = "$(TARGET_NAME)";
				SWIFT_EMIT_LOC_STRINGS = NO;
				SWIFT_VERSION = 5.0;
				TARGETED_DEVICE_FAMILY = "1,2";
				TEST_HOST = "$(BUILT_PRODUCTS_DIR)/Tickers.app/$(BUNDLE_EXECUTABLE_FOLDER_PATH)/Tickers";
			};
			name = Debug;
		};
		0321343E2A1D7AC5002FD592 /* Release */ = {
			isa = XCBuildConfiguration;
			buildSettings = {
				ALWAYS_EMBED_SWIFT_STANDARD_LIBRARIES = YES;
				BUNDLE_LOADER = "$(TEST_HOST)";
				CODE_SIGN_STYLE = Automatic;
				CURRENT_PROJECT_VERSION = 1;
				DEVELOPMENT_TEAM = "";
				GENERATE_INFOPLIST_FILE = YES;
				IPHONEOS_DEPLOYMENT_TARGET = 15.0;
				MARKETING_VERSION = 1.0;
				PRODUCT_BUNDLE_IDENTIFIER = lucasOliveira.TickersTests;
				PRODUCT_NAME = "$(TARGET_NAME)";
				SWIFT_EMIT_LOC_STRINGS = NO;
				SWIFT_VERSION = 5.0;
				TARGETED_DEVICE_FAMILY = "1,2";
				TEST_HOST = "$(BUILT_PRODUCTS_DIR)/Tickers.app/$(BUNDLE_EXECUTABLE_FOLDER_PATH)/Tickers";
			};
			name = Release;
		};
		032134402A1D7AC5002FD592 /* Debug */ = {
			isa = XCBuildConfiguration;
			buildSettings = {
				ALWAYS_EMBED_SWIFT_STANDARD_LIBRARIES = YES;
				CODE_SIGN_STYLE = Automatic;
				CURRENT_PROJECT_VERSION = 1;
				DEVELOPMENT_TEAM = "";
				GENERATE_INFOPLIST_FILE = YES;
				IPHONEOS_DEPLOYMENT_TARGET = 15.0;
				MARKETING_VERSION = 1.0;
				PRODUCT_BUNDLE_IDENTIFIER = lucasOliveira.TickersUITests;
				PRODUCT_NAME = "$(TARGET_NAME)";
				SWIFT_EMIT_LOC_STRINGS = NO;
				SWIFT_VERSION = 5.0;
				TARGETED_DEVICE_FAMILY = "1,2";
				TEST_TARGET_NAME = Tickers;
			};
			name = Debug;
		};
		032134412A1D7AC5002FD592 /* Release */ = {
			isa = XCBuildConfiguration;
			buildSettings = {
				ALWAYS_EMBED_SWIFT_STANDARD_LIBRARIES = YES;
				CODE_SIGN_STYLE = Automatic;
				CURRENT_PROJECT_VERSION = 1;
				DEVELOPMENT_TEAM = "";
				GENERATE_INFOPLIST_FILE = YES;
				IPHONEOS_DEPLOYMENT_TARGET = 15.0;
				MARKETING_VERSION = 1.0;
				PRODUCT_BUNDLE_IDENTIFIER = lucasOliveira.TickersUITests;
				PRODUCT_NAME = "$(TARGET_NAME)";
				SWIFT_EMIT_LOC_STRINGS = NO;
				SWIFT_VERSION = 5.0;
				TARGETED_DEVICE_FAMILY = "1,2";
				TEST_TARGET_NAME = Tickers;
			};
			name = Release;
		};
/* End XCBuildConfiguration section */

/* Begin XCConfigurationList section */
		032134102A1D7AC4002FD592 /* Build configuration list for PBXProject "Tickers" */ = {
			isa = XCConfigurationList;
			buildConfigurations = (
				032134372A1D7AC5002FD592 /* Debug */,
				032134382A1D7AC5002FD592 /* Release */,
			);
			defaultConfigurationIsVisible = 0;
			defaultConfigurationName = Release;
		};
		032134392A1D7AC5002FD592 /* Build configuration list for PBXNativeTarget "Tickers" */ = {
			isa = XCConfigurationList;
			buildConfigurations = (
				0321343A2A1D7AC5002FD592 /* Debug */,
				0321343B2A1D7AC5002FD592 /* Release */,
			);
			defaultConfigurationIsVisible = 0;
			defaultConfigurationName = Release;
		};
		0321343C2A1D7AC5002FD592 /* Build configuration list for PBXNativeTarget "TickersTests" */ = {
			isa = XCConfigurationList;
			buildConfigurations = (
				0321343D2A1D7AC5002FD592 /* Debug */,
				0321343E2A1D7AC5002FD592 /* Release */,
			);
			defaultConfigurationIsVisible = 0;
			defaultConfigurationName = Release;
		};
		0321343F2A1D7AC5002FD592 /* Build configuration list for PBXNativeTarget "TickersUITests" */ = {
			isa = XCConfigurationList;
			buildConfigurations = (
				032134402A1D7AC5002FD592 /* Debug */,
				032134412A1D7AC5002FD592 /* Release */,
			);
			defaultConfigurationIsVisible = 0;
			defaultConfigurationName = Release;
		};
/* End XCConfigurationList section */
	};
	rootObject = 0321340D2A1D7AC4002FD592 /* Project object */;
}
